
Microsoft Visual Studio Solution File, Format Version 12.00
# Visual Studio Version 16
VisualStudioVersion = 16.0.33529.622
MinimumVisualStudioVersion = 10.0.40219.1
Project("{FAE04EC0-301F-11D3-BF4B-00C04F79EFBC}") = "PsNoFileExec", "PsNoFileExec\PsNoFileExec.csproj", "{47365C5F-494B-4827-A85B-27FE9FDEC6B1}"
EndProject
Global
	GlobalSection(SolutionConfigurationPlatforms) = preSolution
		Debug|Any CPU = Debug|Any CPU
		Debug|x64 = Debug|x64
		Release|Any CPU = Release|Any CPU
		Release|x64 = Release|x64
	EndGlobalSection
	GlobalSection(ProjectConfigurationPlatforms) = postSolution
		{47365C5F-494B-4827-A85B-27FE9FDEC6B1}.Debug|Any CPU.ActiveCfg = Debug|Any CPU
		{47365C5F-494B-4827-A85B-27FE9FDEC6B1}.Debug|Any CPU.Build.0 = Debug|Any CPU
		{47365C5F-494B-4827-A85B-27FE9FDEC6B1}.Debug|x64.ActiveCfg = Debug|x64
		{47365C5F-494B-4827-A85B-27FE9FDEC6B1}.Debug|x64.Build.0 = Debug|x64
		{47365C5F-494B-4827-A85B-27FE9FDEC6B1}.Release|Any CPU.ActiveCfg = Release|Any CPU
		{47365C5F-494B-4827-A85B-27FE9FDEC6B1}.Release|Any CPU.Build.0 = Release|Any CPU
		{47365C5F-494B-4827-A85B-27FE9FDEC6B1}.Release|x64.ActiveCfg = Release|x64
		{47365C5F-494B-4827-A85B-27FE9FDEC6B1}.Release|x64.Build.0 = Release|x64
	EndGlobalSection
	GlobalSection(SolutionProperties) = preSolution
		HideSolutionNode = FALSE
	EndGlobalSection
	GlobalSection(ExtensibilityGlobals) = postSolution
		SolutionGuid = {AADA1EED-8EBF-47C4-BC69-AD60B5F23AF2}
	EndGlobalSection
EndGlobal
